{
  "name": "createdoc",
  "version": "1.0.0",
  "lockfileVersion": 1,
  "requires": true,
  "dependencies": {
    "async": {
      "version": "3.2.4",
      "resolved": "https://registry.npmjs.org/async/-/async-3.2.4.tgz",
      "integrity": "sha512-iAB+JbDEGXhyIUavoDl9WP/Jj106Kz9DEn1DPgYw5ruDn0e3Wgi3sKFm55sASdGBNOQB8F59d9qQ7deqrHA8wQ=="
    },
    "xlsx": {
      "version": "0.18.8",
      "resolved": "https://cdn.sheetjs.com/xlsx-0.18.8/xlsx-0.18.8.tgz",
      "integrity": "sha512-hx+mKldCpNHmRessblnJxlVb2q4AYtUu4n4S5O+6xy159clybiwq4qaqkfc19kJjvgH0kbV0xkTMn0y7ez1qEg=="
    }
  }
}
